
Microsoft Visual Studio Solution File, Format Version 12.00
# Visual Studio Version 16
VisualStudioVersion = 16.0.31205.134
MinimumVisualStudioVersion = 10.0.40219.1
Project("{9A19103F-16F7-4668-BE54-9A1E7A4F7556}") = "Movie.API", "Movie.API\Movie.API.csproj", "{86179B3E-E17A-4029-83A5-C45ADA0556BA}"
EndProject
Project("{FAE04EC0-301F-11D3-BF4B-00C04F79EFBC}") = "Movies.Api.Test", "Movies.Api.Test\Movies.Api.Test.csproj", "{E376E6F5-ED71-47F8-86FF-FBE5AEB26BCC}"
EndProject
Global
	GlobalSection(SolutionConfigurationPlatforms) = preSolution
		Debug|Any CPU = Debug|Any CPU
		Release|Any CPU = Release|Any CPU
	EndGlobalSection
	GlobalSection(ProjectConfigurationPlatforms) = postSolution
		{86179B3E-E17A-4029-83A5-C45ADA0556BA}.Debug|Any CPU.ActiveCfg = Debug|Any CPU
		{86179B3E-E17A-4029-83A5-C45ADA0556BA}.Debug|Any CPU.Build.0 = Debug|Any CPU
		{86179B3E-E17A-4029-83A5-C45ADA0556BA}.Release|Any CPU.ActiveCfg = Release|Any CPU
		{86179B3E-E17A-4029-83A5-C45ADA0556BA}.Release|Any CPU.Build.0 = Release|Any CPU
		{E376E6F5-ED71-47F8-86FF-FBE5AEB26BCC}.Debug|Any CPU.ActiveCfg = Debug|Any CPU
		{E376E6F5-ED71-47F8-86FF-FBE5AEB26BCC}.Debug|Any CPU.Build.0 = Debug|Any CPU
		{E376E6F5-ED71-47F8-86FF-FBE5AEB26BCC}.Release|Any CPU.ActiveCfg = Release|Any CPU
		{E376E6F5-ED71-47F8-86FF-FBE5AEB26BCC}.Release|Any CPU.Build.0 = Release|Any CPU
	EndGlobalSection
	GlobalSection(SolutionProperties) = preSolution
		HideSolutionNode = FALSE
	EndGlobalSection
	GlobalSection(ExtensibilityGlobals) = postSolution
		SolutionGuid = {022CF241-6236-4FBA-9E8B-BC487A90668F}
	EndGlobalSection
EndGlobal
